
Microsoft Visual Studio Solution File, Format Version 12.00
# Visual Studio Version 17
VisualStudioVersion = 17.12.35309.182
MinimumVisualStudioVersion = 10.0.40219.1
Project("{FAE04EC0-301F-11D3-BF4B-00C04F79EFBC}") = "Asilifelis", "Asilifelis\Asilifelis.csproj", "{F51447F3-031D-4309-AEB2-C936C1B925CA}"
EndProject
Project("{FAE04EC0-301F-11D3-BF4B-00C04F79EFBC}") = "Asilifelis.Tests", "Asilifelis.Tests\Asilifelis.Tests.csproj", "{676B45D1-EBD3-4FBC-B0E0-B6D0484442C5}"
EndProject
Global
	GlobalSection(SolutionConfigurationPlatforms) = preSolution
		Debug|Any CPU = Debug|Any CPU
		Release|Any CPU = Release|Any CPU
	EndGlobalSection
	GlobalSection(ProjectConfigurationPlatforms) = postSolution
		{F51447F3-031D-4309-AEB2-C936C1B925CA}.Debug|Any CPU.ActiveCfg = Debug|Any CPU
		{F51447F3-031D-4309-AEB2-C936C1B925CA}.Debug|Any CPU.Build.0 = Debug|Any CPU
		{F51447F3-031D-4309-AEB2-C936C1B925CA}.Release|Any CPU.ActiveCfg = Release|Any CPU
		{F51447F3-031D-4309-AEB2-C936C1B925CA}.Release|Any CPU.Build.0 = Release|Any CPU
		{676B45D1-EBD3-4FBC-B0E0-B6D0484442C5}.Debug|Any CPU.ActiveCfg = Debug|Any CPU
		{676B45D1-EBD3-4FBC-B0E0-B6D0484442C5}.Debug|Any CPU.Build.0 = Debug|Any CPU
		{676B45D1-EBD3-4FBC-B0E0-B6D0484442C5}.Release|Any CPU.ActiveCfg = Release|Any CPU
		{676B45D1-EBD3-4FBC-B0E0-B6D0484442C5}.Release|Any CPU.Build.0 = Release|Any CPU
	EndGlobalSection
	GlobalSection(SolutionProperties) = preSolution
		HideSolutionNode = FALSE
	EndGlobalSection
	GlobalSection(ExtensibilityGlobals) = postSolution
		SolutionGuid = {6CB1B87B-679E-471D-B58D-E7C75A72FF2D}
	EndGlobalSection
EndGlobal
